
Microsoft Visual Studio Solution File, Format Version 12.00
# Visual Studio Version 16
VisualStudioVersion = 16.0.29521.150
MinimumVisualStudioVersion = 10.0.40219.1
Project("{9A19103F-16F7-4668-BE54-9A1E7A4F7556}") = "DocumentExplorer", "DocumentExplorer.csproj", "{097B67E7-41B9-479E-B1D3-8B8939534FCF}"
EndProject
Global
	GlobalSection(SolutionConfigurationPlatforms) = preSolution
		Debug|Any CPU = Debug|Any CPU
		Publish|Any CPU = Publish|Any CPU
		Release|Any CPU = Release|Any CPU
	EndGlobalSection
	GlobalSection(ProjectConfigurationPlatforms) = postSolution
		{097B67E7-41B9-479E-B1D3-8B8939534FCF}.Debug|Any CPU.ActiveCfg = Debug|Any CPU
		{097B67E7-41B9-479E-B1D3-8B8939534FCF}.Debug|Any CPU.Build.0 = Debug|Any CPU
		{097B67E7-41B9-479E-B1D3-8B8939534FCF}.Publish|Any CPU.ActiveCfg = Publish|Any CPU
		{097B67E7-41B9-479E-B1D3-8B8939534FCF}.Publish|Any CPU.Build.0 = Publish|Any CPU
		{097B67E7-41B9-479E-B1D3-8B8939534FCF}.Release|Any CPU.ActiveCfg = Release|Any CPU
		{097B67E7-41B9-479E-B1D3-8B8939534FCF}.Release|Any CPU.Build.0 = Release|Any CPU
	EndGlobalSection
	GlobalSection(SolutionProperties) = preSolution
		HideSolutionNode = FALSE
	EndGlobalSection
	GlobalSection(ExtensibilityGlobals) = postSolution
		SolutionGuid = {EB60F3A9-EB50-4F29-8AEF-414D8B206DC7}
	EndGlobalSection
EndGlobal
